# THIS IS AN AUTOGENERATED FILE. DO NOT EDIT THIS FILE DIRECTLY.
# yarn lockfile v1


acorn@^8.0.1:
  version "8.0.1"
  resolved "https://registry.yarnpkg.com/acorn/-/acorn-8.0.1.tgz#d7e8eca9b71d5840db0e7e415b3b2b20e250f938"
  integrity sha512-dmKn4pqZ29iQl2Pvze1zTrps2luvls2PBY//neO2WJ0s10B3AxJXshN+Ph7B4GrhfGhHXrl4dnUwyNNXQcnWGQ==
